
Microsoft Visual Studio Solution File, Format Version 12.00
# Visual Studio Version 16
VisualStudioVersion = 16.0.30907.101
MinimumVisualStudioVersion = 10.0.40219.1
Project("{FAE04EC0-301F-11D3-BF4B-00C04F79EFBC}") = "Trabalho 2 - ELT 435", "Trabalho 2 - ELT 435\Trabalho 2 - ELT 435.csproj", "{C0012E97-1366-4403-A3D6-71279ECBF407}"
EndProject
Global
	GlobalSection(SolutionConfigurationPlatforms) = preSolution
		Debug|Any CPU = Debug|Any CPU
		Release|Any CPU = Release|Any CPU
	EndGlobalSection
	GlobalSection(ProjectConfigurationPlatforms) = postSolution
		{C0012E97-1366-4403-A3D6-71279ECBF407}.Debug|Any CPU.ActiveCfg = Debug|Any CPU
		{C0012E97-1366-4403-A3D6-71279ECBF407}.Debug|Any CPU.Build.0 = Debug|Any CPU
		{C0012E97-1366-4403-A3D6-71279ECBF407}.Release|Any CPU.ActiveCfg = Release|Any CPU
		{C0012E97-1366-4403-A3D6-71279ECBF407}.Release|Any CPU.Build.0 = Release|Any CPU
	EndGlobalSection
	GlobalSection(SolutionProperties) = preSolution
		HideSolutionNode = FALSE
	EndGlobalSection
	GlobalSection(ExtensibilityGlobals) = postSolution
		SolutionGuid = {C7508890-284F-4D46-A8FB-437986AA23FB}
	EndGlobalSection
EndGlobal
